
Microsoft Visual Studio Solution File, Format Version 12.00
# Visual Studio Version 17
VisualStudioVersion = 17.0.31903.59
MinimumVisualStudioVersion = 10.0.40219.1
Project("{2150E333-8FDC-42A3-9474-1A3956D46DE8}") = "src", "src", "{5E877DBC-B27D-4E37-B812-D77227F809A4}"
EndProject
Project("{FAE04EC0-301F-11D3-BF4B-00C04F79EFBC}") = "Demo", "src\Demo\Demo.csproj", "{5E678E3C-D415-4A8B-8BAD-D536A4942C29}"
EndProject
Project("{FAE04EC0-301F-11D3-BF4B-00C04F79EFBC}") = "Leonardo", "src\Leonardo\Leonardo.csproj", "{C7EC0EE0-8FE5-473E-9088-507C9048236F}"
EndProject
Project("{2150E333-8FDC-42A3-9474-1A3956D46DE8}") = "tests", "tests", "{2E41F457-E84D-4A6F-AA0C-F1C9E26F036E}"
EndProject
Project("{FAE04EC0-301F-11D3-BF4B-00C04F79EFBC}") = "Leonardo.Tests", "tests\Leonardo.Tests\Leonardo.Tests.csproj", "{5790D52F-3287-434B-90DD-C47C2637369D}"
EndProject
Project("{FAE04EC0-301F-11D3-BF4B-00C04F79EFBC}") = "Leonardo.Web", "src\Leonardo.Web\Leonardo.Web.csproj", "{4BB31D62-AD0D-4BD0-A231-0FFD180913DD}"
EndProject
Global
	GlobalSection(SolutionConfigurationPlatforms) = preSolution
		Debug|Any CPU = Debug|Any CPU
		Release|Any CPU = Release|Any CPU
	EndGlobalSection
	GlobalSection(SolutionProperties) = preSolution
		HideSolutionNode = FALSE
	EndGlobalSection
	GlobalSection(ProjectConfigurationPlatforms) = postSolution
		{5E678E3C-D415-4A8B-8BAD-D536A4942C29}.Debug|Any CPU.ActiveCfg = Debug|Any CPU
		{5E678E3C-D415-4A8B-8BAD-D536A4942C29}.Debug|Any CPU.Build.0 = Debug|Any CPU
		{5E678E3C-D415-4A8B-8BAD-D536A4942C29}.Release|Any CPU.ActiveCfg = Release|Any CPU
		{5E678E3C-D415-4A8B-8BAD-D536A4942C29}.Release|Any CPU.Build.0 = Release|Any CPU
		{C7EC0EE0-8FE5-473E-9088-507C9048236F}.Debug|Any CPU.ActiveCfg = Debug|Any CPU
		{C7EC0EE0-8FE5-473E-9088-507C9048236F}.Debug|Any CPU.Build.0 = Debug|Any CPU
		{C7EC0EE0-8FE5-473E-9088-507C9048236F}.Release|Any CPU.ActiveCfg = Release|Any CPU
		{C7EC0EE0-8FE5-473E-9088-507C9048236F}.Release|Any CPU.Build.0 = Release|Any CPU
		{5790D52F-3287-434B-90DD-C47C2637369D}.Debug|Any CPU.ActiveCfg = Debug|Any CPU
		{5790D52F-3287-434B-90DD-C47C2637369D}.Debug|Any CPU.Build.0 = Debug|Any CPU
		{5790D52F-3287-434B-90DD-C47C2637369D}.Release|Any CPU.ActiveCfg = Release|Any CPU
		{5790D52F-3287-434B-90DD-C47C2637369D}.Release|Any CPU.Build.0 = Release|Any CPU
		{4BB31D62-AD0D-4BD0-A231-0FFD180913DD}.Debug|Any CPU.ActiveCfg = Debug|Any CPU
		{4BB31D62-AD0D-4BD0-A231-0FFD180913DD}.Debug|Any CPU.Build.0 = Debug|Any CPU
		{4BB31D62-AD0D-4BD0-A231-0FFD180913DD}.Release|Any CPU.ActiveCfg = Release|Any CPU
		{4BB31D62-AD0D-4BD0-A231-0FFD180913DD}.Release|Any CPU.Build.0 = Release|Any CPU
	EndGlobalSection
	GlobalSection(NestedProjects) = preSolution
		{5E678E3C-D415-4A8B-8BAD-D536A4942C29} = {5E877DBC-B27D-4E37-B812-D77227F809A4}
		{C7EC0EE0-8FE5-473E-9088-507C9048236F} = {5E877DBC-B27D-4E37-B812-D77227F809A4}
		{5790D52F-3287-434B-90DD-C47C2637369D} = {2E41F457-E84D-4A6F-AA0C-F1C9E26F036E}
		{4BB31D62-AD0D-4BD0-A231-0FFD180913DD} = {5E877DBC-B27D-4E37-B812-D77227F809A4}
	EndGlobalSection
EndGlobal
